github.com/arduino/go-paths-helper v1.0.0 h1:0i16EjjPOr1DA9UqDgBZdjA+kzqGaU11gl0GdCy9ulw=
github.com/arduino/go-paths-helper v1.0.0/go.mod h1:HpxtKph+g238EJHq4geEPv9p+gl3v5YYu35Yb+w31Ck=
github.com/arduino/go-properties-orderedmap v0.0.0-20181003091528-89278049acd3 h1:aWZoiBr2fCXtZzY4e/TOyQHEFyFpsF9eph7rEDZRv0Y=
github.com/arduino/go-properties-orderedmap v0.0.0-20181003091528-89278049acd3/go.mod h1:kiSuHm7yz3chiy8rb2MphC7ECn3MlkQFAIe4SXmQg6o=
github.com/creack/goselect v0.1.0 h1:4QiXIhcpSQF50XGaBsFzesjwX/1qOY5bOveQPmN9CXY=
github.com/creack/goselect v0.1.0/go.mod h1:gHrIcH/9UZDn2qgeTUeW5K9eZsVYCH6/60J/FHysWyE=
github.com/davecgh/go-spew v1.1.0 h1:ZDRjVQ15GmhC3fiQ8ni8+OwkZQO4DARzQgrnXU1Liz8=
github.com/davecgh/go-spew v1.1.0/go.mod h1:J7Y8YcW2NihsgmVo/mv3lAwl/skON4iLHjSsI+c5H38=
github.com/davecgh/go-spew v1.1.1 h1:vj9j/u1bqnvCEfJOwUhtlOARqs3+rkHYY13jYWTU97c=
github.com/davecgh/go-spew v1.1.1/go.mod h1:J7Y8YcW2NihsgmVo/mv3lAwl/skON4iLHjSsI+c5H38=
github.com/pmezard/go-difflib v1.0.0 h1:4DBwDE0NGyQoBHbLQYPwSUPoCMWR5BEzIk/f1lZbAQM=
github.com/pmezard/go-difflib v1.0.0/go.mod h1:iKH77koFhYxTK1pcRnkKkqfTogsbg7gZNVY4sRDYZ/4=
github.com/s-urbaniak/uevent v1.0.0 h1:y1e40TmDfCU0l1o/MBpimGJgo2UzTTqBl/0GF6vx/io=
github.com/s-urbaniak/uevent v1.0.0/go.mod h1:h83SVc1NQj/EubPaK4hWyiG217xLYr+fS+Jf10COrG0=
github.com/stretchr/objx v0.1.0/go.mod h1:HFkY916IF+rwdDfMAkV7OtwuqBVzrE8GR6GFx+wExME=
github.com/stretchr/testify v1.3.0 h1:TivCn/peBQ7UY8ooIcPgZFpTNSz0Q2U6UrFlUfqbe0Q=
github.com/stretchr/testify v1.3.0/go.mod h1:M5WIy9Dh21IEIfnGCwXGc5bZfKNJtfHm1UVUgZn+9EI=
go.bug.st/serial.v1 v0.0.0-20180827123349-5f7892a7bb45 h1:mACY1anK6HNCZtm/DK2Rf2ZPHggVqeB0+7rY9Gl6wyI=
go.bug.st/serial.v1 v0.0.0-20180827123349-5f7892a7bb45/go.mod h1:dRSl/CVCTf56CkXgJMDOdSwNfo2g1orOGE/gBGdvjZw=
golang.org/x/sys v0.0.0-20190531132440-69e3a3a65b5b h1:cuzzKXORsbIjh3IeOgOj0x2QA08ntIxmwi1mkRC3qoc=
golang.org/x/sys v0.0.0-20190531132440-69e3a3a65b5b/go.mod h1:h1NjWce9XRLGQEsW7wpKNCjG9DtNlClVuFLEZdDNbEs=
